
Microsoft Visual Studio Solution File, Format Version 12.00
# Visual Studio Version 17
VisualStudioVersion = 17.5.33516.290
MinimumVisualStudioVersion = 10.0.40219.1
Project("{9A19103F-16F7-4668-BE54-9A1E7A4F7556}") = "VideoStore", "VideoStore\VideoStore.csproj", "{15D6CAD9-57C3-4C0D-9BDC-AB6523500458}"
EndProject
Project("{9A19103F-16F7-4668-BE54-9A1E7A4F7556}") = "VideoStore.Tests", "VideoStore.Tests\VideoStore.Tests.csproj", "{0F99657F-58C8-48A4-8595-3A1D229A3407}"
EndProject
Project("{2150E333-8FDC-42A3-9474-1A3956D46DE8}") = "SolutionItems", "SolutionItems", "{39739053-5631-4366-AB4E-7695A460DD18}"
	ProjectSection(SolutionItems) = preProject
		README.md = README.md
	EndProjectSection
EndProject
Global
	GlobalSection(SolutionConfigurationPlatforms) = preSolution
		Debug|Any CPU = Debug|Any CPU
		Release|Any CPU = Release|Any CPU
	EndGlobalSection
	GlobalSection(ProjectConfigurationPlatforms) = postSolution
		{15D6CAD9-57C3-4C0D-9BDC-AB6523500458}.Debug|Any CPU.ActiveCfg = Debug|Any CPU
		{15D6CAD9-57C3-4C0D-9BDC-AB6523500458}.Debug|Any CPU.Build.0 = Debug|Any CPU
		{15D6CAD9-57C3-4C0D-9BDC-AB6523500458}.Release|Any CPU.ActiveCfg = Release|Any CPU
		{15D6CAD9-57C3-4C0D-9BDC-AB6523500458}.Release|Any CPU.Build.0 = Release|Any CPU
		{0F99657F-58C8-48A4-8595-3A1D229A3407}.Debug|Any CPU.ActiveCfg = Debug|Any CPU
		{0F99657F-58C8-48A4-8595-3A1D229A3407}.Debug|Any CPU.Build.0 = Debug|Any CPU
		{0F99657F-58C8-48A4-8595-3A1D229A3407}.Release|Any CPU.ActiveCfg = Release|Any CPU
		{0F99657F-58C8-48A4-8595-3A1D229A3407}.Release|Any CPU.Build.0 = Release|Any CPU
	EndGlobalSection
	GlobalSection(SolutionProperties) = preSolution
		HideSolutionNode = FALSE
	EndGlobalSection
	GlobalSection(ExtensibilityGlobals) = postSolution
		SolutionGuid = {F0D8A3F4-3A66-4499-AEA5-1140041ECF94}
	EndGlobalSection
EndGlobal
